PODS:
  - dart_duckdb (1.4.4):
    - Flutter
  - Flutter (1.0.0)

DEPENDENCIES:
  - dart_duckdb (from `.symlinks/plugins/dart_duckdb/ios`)
  - Flutter (from `Flutter`)

EXTERNAL SOURCES:
  dart_duckdb:
    :path: ".symlinks/plugins/dart_duckdb/ios"
  Flutter:
    :path: Flutter

SPEC CHECKSUMS:
  dart_duckdb: e88251b322048ac3f00d22e60eadf971355b4d38
  Flutter: 71a624a5bc0c04062bf19101d501e466baf2fb47

PODFILE CHECKSUM: ce2a4dd764e1c7aeed6a7cdc5e61d092b6dc6d32

COCOAPODS: 1.16.2
